
Microsoft Visual Studio Solution File, Format Version 12.00
# Visual Studio 15
VisualStudioVersion = 15.0.28010.2036
MinimumVisualStudioVersion = 10.0.40219.1
Project("{FAE04EC0-301F-11D3-BF4B-00C04F79EFBC}") = "irg.Android", "irg\irg.Android\irg.Android.csproj", "{AC3F2856-B1C4-4F3D-BF13-98264C342C9D}"
EndProject
Project("{FAE04EC0-301F-11D3-BF4B-00C04F79EFBC}") = "irg.iOS", "irg\irg.iOS\irg.iOS.csproj", "{0C8BFD53-9100-4250-A104-49F57BD6E9BE}"
EndProject
Project("{FAE04EC0-301F-11D3-BF4B-00C04F79EFBC}") = "irg.UWP", "irg\irg.UWP\irg.UWP.csproj", "{EF1C8F01-3669-4B52-9BE4-6F6ED0083C75}"
EndProject
Project("{FAE04EC0-301F-11D3-BF4B-00C04F79EFBC}") = "irg", "irg\irg\irg.csproj", "{13262374-38B1-49AC-BD88-CB159181EB19}"
EndProject
Project("{FAE04EC0-301F-11D3-BF4B-00C04F79EFBC}") = "irg.Backend", "irg.Backend\irg.Backend.csproj", "{9C0829D6-3F01-412A-954A-F051CF0E59E4}"
EndProject
Project("{FAE04EC0-301F-11D3-BF4B-00C04F79EFBC}") = "irg.Api", "irg.Api\irg.Api.csproj", "{8129FB59-1360-4380-BDDE-D4C3CAFAE71B}"
EndProject
Project("{FAE04EC0-301F-11D3-BF4B-00C04F79EFBC}") = "irg.Domain", "irg.Domain\irg.Domain.csproj", "{EFDE70A4-9ABC-4A8D-83AA-0DE496B7DAAB}"
EndProject
Global
	GlobalSection(SolutionConfigurationPlatforms) = preSolution
		Ad-Hoc|Any CPU = Ad-Hoc|Any CPU
		Ad-Hoc|ARM = Ad-Hoc|ARM
		Ad-Hoc|iPhone = Ad-Hoc|iPhone
		Ad-Hoc|iPhoneSimulator = Ad-Hoc|iPhoneSimulator
		Ad-Hoc|x64 = Ad-Hoc|x64
		Ad-Hoc|x86 = Ad-Hoc|x86
		AppStore|Any CPU = AppStore|Any CPU
		AppStore|ARM = AppStore|ARM
		AppStore|iPhone = AppStore|iPhone
		AppStore|iPhoneSimulator = AppStore|iPhoneSimulator
		AppStore|x64 = AppStore|x64
		AppStore|x86 = AppStore|x86
		Debug|Any CPU = Debug|Any CPU
		Debug|ARM = Debug|ARM
		Debug|iPhone = Debug|iPhone
		Debug|iPhoneSimulator = Debug|iPhoneSimulator
		Debug|x64 = Debug|x64
		Debug|x86 = Debug|x86
		Release|Any CPU = Release|Any CPU
		Release|ARM = Release|ARM
		Release|iPhone = Release|iPhone
		Release|iPhoneSimulator = Release|iPhoneSimulator
		Release|x64 = Release|x64
		Release|x86 = Release|x86
	EndGlobalSection
	GlobalSection(ProjectConfigurationPlatforms) = postSolution
		{AC3F2856-B1C4-4F3D-BF13-98264C342C9D}.Ad-Hoc|Any CPU.ActiveCfg = Release|Any CPU
		{AC3F2856-B1C4-4F3D-BF13-98264C342C9D}.Ad-Hoc|Any CPU.Build.0 = Release|Any CPU
		{AC3F2856-B1C4-4F3D-BF13-98264C342C9D}.Ad-Hoc|Any CPU.Deploy.0 = Release|Any CPU
		{AC3F2856-B1C4-4F3D-BF13-98264C342C9D}.Ad-Hoc|ARM.ActiveCfg = Release|Any CPU
		{AC3F2856-B1C4-4F3D-BF13-98264C342C9D}.Ad-Hoc|ARM.Build.0 = Release|Any CPU
		{AC3F2856-B1C4-4F3D-BF13-98264C342C9D}.Ad-Hoc|ARM.Deploy.0 = Release|Any CPU
		{AC3F2856-B1C4-4F3D-BF13-98264C342C9D}.Ad-Hoc|iPhone.ActiveCfg = Release|Any CPU
		{AC3F2856-B1C4-4F3D-BF13-98264C342C9D}.Ad-Hoc|iPhone.Build.0 = Release|Any CPU
		{AC3F2856-B1C4-4F3D-BF13-98264C342C9D}.Ad-Hoc|iPhone.Deploy.0 = Release|Any CPU
		{AC3F2856-B1C4-4F3D-BF13-98264C342C9D}.Ad-Hoc|iPhoneSimulator.ActiveCfg = Release|Any CPU
		{AC3F2856-B1C4-4F3D-BF13-98264C342C9D}.Ad-Hoc|iPhoneSimulator.Build.0 = Release|Any CPU
		{AC3F2856-B1C4-4F3D-BF13-98264C342C9D}.Ad-Hoc|iPhoneSimulator.Deploy.0 = Release|Any CPU
		{AC3F2856-B1C4-4F3D-BF13-98264C342C9D}.Ad-Hoc|x64.ActiveCfg = Release|Any CPU
		{AC3F2856-B1C4-4F3D-BF13-98264C342C9D}.Ad-Hoc|x64.Build.0 = Release|Any CPU
		{AC3F2856-B1C4-4F3D-BF13-98264C342C9D}.Ad-Hoc|x64.Deploy.0 = Release|Any CPU
		{AC3F2856-B1C4-4F3D-BF13-98264C342C9D}.Ad-Hoc|x86.ActiveCfg = Release|Any CPU
		{AC3F2856-B1C4-4F3D-BF13-98264C342C9D}.Ad-Hoc|x86.Build.0 = Release|Any CPU
		{AC3F2856-B1C4-4F3D-BF13-98264C342C9D}.Ad-Hoc|x86.Deploy.0 = Release|Any CPU
		{AC3F2856-B1C4-4F3D-BF13-98264C342C9D}.AppStore|Any CPU.ActiveCfg = Release|Any CPU
		{AC3F2856-B1C4-4F3D-BF13-98264C342C9D}.AppStore|Any CPU.Build.0 = Release|Any CPU
		{AC3F2856-B1C4-4F3D-BF13-98264C342C9D}.AppStore|Any CPU.Deploy.0 = Release|Any CPU
		{AC3F2856-B1C4-4F3D-BF13-98264C342C9D}.AppStore|ARM.ActiveCfg = Release|Any CPU
		{AC3F2856-B1C4-4F3D-BF13-98264C342C9D}.AppStore|ARM.Build.0 = Release|Any CPU
		{AC3F2856-B1C4-4F3D-BF13-98264C342C9D}.AppStore|ARM.Deploy.0 = Release|Any CPU
		{AC3F2856-B1C4-4F3D-BF13-98264C342C9D}.AppStore|iPhone.ActiveCfg = Release|Any CPU
		{AC3F2856-B1C4-4F3D-BF13-98264C342C9D}.AppStore|iPhone.Build.0 = Release|Any CPU
		{AC3F2856-B1C4-4F3D-BF13-98264C342C9D}.AppStore|iPhone.Deploy.0 = Release|Any CPU
		{AC3F2856-B1C4-4F3D-BF13-98264C342C9D}.AppStore|iPhoneSimulator.ActiveCfg = Release|Any CPU
		{AC3F2856-B1C4-4F3D-BF13-98264C342C9D}.AppStore|iPhoneSimulator.Build.0 = Release|Any CPU
		{AC3F2856-B1C4-4F3D-BF13-98264C342C9D}.AppStore|iPhoneSimulator.Deploy.0 = Release|Any CPU
		{AC3F2856-B1C4-4F3D-BF13-98264C342C9D}.AppStore|x64.ActiveCfg = Release|Any CPU
		{AC3F2856-B1C4-4F3D-BF13-98264C342C9D}.AppStore|x64.Build.0 = Release|Any CPU
		{AC3F2856-B1C4-4F3D-BF13-98264C342C9D}.AppStore|x64.Deploy.0 = Release|Any CPU
		{AC3F2856-B1C4-4F3D-BF13-98264C342C9D}.AppStore|x86.ActiveCfg = Release|Any CPU
		{AC3F2856-B1C4-4F3D-BF13-98264C342C9D}.AppStore|x86.Build.0 = Release|Any CPU
		{AC3F2856-B1C4-4F3D-BF13-98264C342C9D}.AppStore|x86.Deploy.0 = Release|Any CPU
		{AC3F2856-B1C4-4F3D-BF13-98264C342C9D}.Debug|Any CPU.ActiveCfg = Debug|Any CPU
		{AC3F2856-B1C4-4F3D-BF13-98264C342C9D}.Debug|Any CPU.Build.0 = Debug|Any CPU
		{AC3F2856-B1C4-4F3D-BF13-98264C342C9D}.Debug|Any CPU.Deploy.0 = Debug|Any CPU
		{AC3F2856-B1C4-4F3D-BF13-98264C342C9D}.Debug|ARM.ActiveCfg = Debug|Any CPU
		{AC3F2856-B1C4-4F3D-BF13-98264C342C9D}.Debug|ARM.Build.0 = Debug|Any CPU
		{AC3F2856-B1C4-4F3D-BF13-98264C342C9D}.Debug|ARM.Deploy.0 = Debug|Any CPU
		{AC3F2856-B1C4-4F3D-BF13-98264C342C9D}.Debug|iPhone.ActiveCfg = Debug|Any CPU
		{AC3F2856-B1C4-4F3D-BF13-98264C342C9D}.Debug|iPhone.Build.0 = Debug|Any CPU
		{AC3F2856-B1C4-4F3D-BF13-98264C342C9D}.Debug|iPhone.Deploy.0 = Debug|Any CPU
		{AC3F2856-B1C4-4F3D-BF13-98264C342C9D}.Debug|iPhoneSimulator.ActiveCfg = Debug|Any CPU
		{AC3F2856-B1C4-4F3D-BF13-98264C342C9D}.Debug|iPhoneSimulator.Build.0 = Debug|Any CPU
		{AC3F2856-B1C4-4F3D-BF13-98264C342C9D}.Debug|iPhoneSimulator.Deploy.0 = Debug|Any CPU
		{AC3F2856-B1C4-4F3D-BF13-98264C342C9D}.Debug|x64.ActiveCfg = Debug|Any CPU
		{AC3F2856-B1C4-4F3D-BF13-98264C342C9D}.Debug|x64.Build.0 = Debug|Any CPU
		{AC3F2856-B1C4-4F3D-BF13-98264C342C9D}.Debug|x64.Deploy.0 = Debug|Any CPU
		{AC3F2856-B1C4-4F3D-BF13-98264C342C9D}.Debug|x86.ActiveCfg = Debug|Any CPU
		{AC3F2856-B1C4-4F3D-BF13-98264C342C9D}.Debug|x86.Build.0 = Debug|Any CPU
		{AC3F2856-B1C4-4F3D-BF13-98264C342C9D}.Debug|x86.Deploy.0 = Debug|Any CPU
		{AC3F2856-B1C4-4F3D-BF13-98264C342C9D}.Release|Any CPU.ActiveCfg = Release|Any CPU
		{AC3F2856-B1C4-4F3D-BF13-98264C342C9D}.Release|Any CPU.Build.0 = Release|Any CPU
		{AC3F2856-B1C4-4F3D-BF13-98264C342C9D}.Release|Any CPU.Deploy.0 = Release|Any CPU
		{AC3F2856-B1C4-4F3D-BF13-98264C342C9D}.Release|ARM.ActiveCfg = Release|Any CPU
		{AC3F2856-B1C4-4F3D-BF13-98264C342C9D}.Release|ARM.Build.0 = Release|Any CPU
		{AC3F2856-B1C4-4F3D-BF13-98264C342C9D}.Release|ARM.Deploy.0 = Release|Any CPU
		{AC3F2856-B1C4-4F3D-BF13-98264C342C9D}.Release|iPhone.ActiveCfg = Release|Any CPU
		{AC3F2856-B1C4-4F3D-BF13-98264C342C9D}.Release|iPhone.Build.0 = Release|Any CPU
		{AC3F2856-B1C4-4F3D-BF13-98264C342C9D}.Release|iPhone.Deploy.0 = Release|Any CPU
		{AC3F2856-B1C4-4F3D-BF13-98264C342C9D}.Release|iPhoneSimulator.ActiveCfg = Release|Any CPU
		{AC3F2856-B1C4-4F3D-BF13-98264C342C9D}.Release|iPhoneSimulator.Build.0 = Release|Any CPU
		{AC3F2856-B1C4-4F3D-BF13-98264C342C9D}.Release|iPhoneSimulator.Deploy.0 = Release|Any CPU
		{AC3F2856-B1C4-4F3D-BF13-98264C342C9D}.Release|x64.ActiveCfg = Release|Any CPU
		{AC3F2856-B1C4-4F3D-BF13-98264C342C9D}.Release|x64.Build.0 = Release|Any CPU
		{AC3F2856-B1C4-4F3D-BF13-98264C342C9D}.Release|x64.Deploy.0 = Release|Any CPU
		{AC3F2856-B1C4-4F3D-BF13-98264C342C9D}.Release|x86.ActiveCfg = Release|Any CPU
		{AC3F2856-B1C4-4F3D-BF13-98264C342C9D}.Release|x86.Build.0 = Release|Any CPU
		{AC3F2856-B1C4-4F3D-BF13-98264C342C9D}.Release|x86.Deploy.0 = Release|Any CPU
		{0C8BFD53-9100-4250-A104-49F57BD6E9BE}.Ad-Hoc|Any CPU.ActiveCfg = Ad-Hoc|iPhone
		{0C8BFD53-9100-4250-A104-49F57BD6E9BE}.Ad-Hoc|Any CPU.Build.0 = Ad-Hoc|iPhone
		{0C8BFD53-9100-4250-A104-49F57BD6E9BE}.Ad-Hoc|Any CPU.Deploy.0 = Ad-Hoc|iPhone
		{0C8BFD53-9100-4250-A104-49F57BD6E9BE}.Ad-Hoc|ARM.ActiveCfg = Ad-Hoc|iPhone
		{0C8BFD53-9100-4250-A104-49F57BD6E9BE}.Ad-Hoc|ARM.Build.0 = Ad-Hoc|iPhone
		{0C8BFD53-9100-4250-A104-49F57BD6E9BE}.Ad-Hoc|ARM.Deploy.0 = Ad-Hoc|iPhone
		{0C8BFD53-9100-4250-A104-49F57BD6E9BE}.Ad-Hoc|iPhone.ActiveCfg = Ad-Hoc|iPhone
		{0C8BFD53-9100-4250-A104-49F57BD6E9BE}.Ad-Hoc|iPhone.Build.0 = Ad-Hoc|iPhone
		{0C8BFD53-9100-4250-A104-49F57BD6E9BE}.Ad-Hoc|iPhone.Deploy.0 = Ad-Hoc|iPhone
		{0C8BFD53-9100-4250-A104-49F57BD6E9BE}.Ad-Hoc|iPhoneSimulator.ActiveCfg = Ad-Hoc|iPhoneSimulator
		{0C8BFD53-9100-4250-A104-49F57BD6E9BE}.Ad-Hoc|iPhoneSimulator.Build.0 = Ad-Hoc|iPhoneSimulator
		{0C8BFD53-9100-4250-A104-49F57BD6E9BE}.Ad-Hoc|iPhoneSimulator.Deploy.0 = Ad-Hoc|iPhoneSimulator
		{0C8BFD53-9100-4250-A104-49F57BD6E9BE}.Ad-Hoc|x64.ActiveCfg = Ad-Hoc|iPhone
		{0C8BFD53-9100-4250-A104-49F57BD6E9BE}.Ad-Hoc|x64.Build.0 = Ad-Hoc|iPhone
		{0C8BFD53-9100-4250-A104-49F57BD6E9BE}.Ad-Hoc|x64.Deploy.0 = Ad-Hoc|iPhone
		{0C8BFD53-9100-4250-A104-49F57BD6E9BE}.Ad-Hoc|x86.ActiveCfg = Ad-Hoc|iPhone
		{0C8BFD53-9100-4250-A104-49F57BD6E9BE}.Ad-Hoc|x86.Build.0 = Ad-Hoc|iPhone
		{0C8BFD53-9100-4250-A104-49F57BD6E9BE}.Ad-Hoc|x86.Deploy.0 = Ad-Hoc|iPhone
		{0C8BFD53-9100-4250-A104-49F57BD6E9BE}.AppStore|Any CPU.ActiveCfg = AppStore|iPhone
		{0C8BFD53-9100-4250-A104-49F57BD6E9BE}.AppStore|Any CPU.Build.0 = AppStore|iPhone
		{0C8BFD53-9100-4250-A104-49F57BD6E9BE}.AppStore|Any CPU.Deploy.0 = AppStore|iPhone
		{0C8BFD53-9100-4250-A104-49F57BD6E9BE}.AppStore|ARM.ActiveCfg = AppStore|iPhone
		{0C8BFD53-9100-4250-A104-49F57BD6E9BE}.AppStore|ARM.Build.0 = AppStore|iPhone
		{0C8BFD53-9100-4250-A104-49F57BD6E9BE}.AppStore|ARM.Deploy.0 = AppStore|iPhone
		{0C8BFD53-9100-4250-A104-49F57BD6E9BE}.AppStore|iPhone.ActiveCfg = AppStore|iPhone
		{0C8BFD53-9100-4250-A104-49F57BD6E9BE}.AppStore|iPhone.Build.0 = AppStore|iPhone
		{0C8BFD53-9100-4250-A104-49F57BD6E9BE}.AppStore|iPhone.Deploy.0 = AppStore|iPhone
		{0C8BFD53-9100-4250-A104-49F57BD6E9BE}.AppStore|iPhoneSimulator.ActiveCfg = AppStore|iPhoneSimulator
		{0C8BFD53-9100-4250-A104-49F57BD6E9BE}.AppStore|iPhoneSimulator.Build.0 = AppStore|iPhoneSimulator
		{0C8BFD53-9100-4250-A104-49F57BD6E9BE}.AppStore|iPhoneSimulator.Deploy.0 = AppStore|iPhoneSimulator
		{0C8BFD53-9100-4250-A104-49F57BD6E9BE}.AppStore|x64.ActiveCfg = AppStore|iPhone
		{0C8BFD53-9100-4250-A104-49F57BD6E9BE}.AppStore|x64.Build.0 = AppStore|iPhone
		{0C8BFD53-9100-4250-A104-49F57BD6E9BE}.AppStore|x64.Deploy.0 = AppStore|iPhone
		{0C8BFD53-9100-4250-A104-49F57BD6E9BE}.AppStore|x86.ActiveCfg = AppStore|iPhone
		{0C8BFD53-9100-4250-A104-49F57BD6E9BE}.AppStore|x86.Build.0 = AppStore|iPhone
		{0C8BFD53-9100-4250-A104-49F57BD6E9BE}.AppStore|x86.Deploy.0 = AppStore|iPhone
		{0C8BFD53-9100-4250-A104-49F57BD6E9BE}.Debug|Any CPU.ActiveCfg = Debug|iPhoneSimulator
		{0C8BFD53-9100-4250-A104-49F57BD6E9BE}.Debug|Any CPU.Build.0 = Debug|iPhoneSimulator
		{0C8BFD53-9100-4250-A104-49F57BD6E9BE}.Debug|Any CPU.Deploy.0 = Debug|iPhoneSimulator
		{0C8BFD53-9100-4250-A104-49F57BD6E9BE}.Debug|ARM.ActiveCfg = Debug|iPhone
		{0C8BFD53-9100-4250-A104-49F57BD6E9BE}.Debug|ARM.Build.0 = Debug|iPhone
		{0C8BFD53-9100-4250-A104-49F57BD6E9BE}.Debug|ARM.Deploy.0 = Debug|iPhone
		{0C8BFD53-9100-4250-A104-49F57BD6E9BE}.Debug|iPhone.ActiveCfg = Debug|iPhone
		{0C8BFD53-9100-4250-A104-49F57BD6E9BE}.Debug|iPhone.Build.0 = Debug|iPhone
		{0C8BFD53-9100-4250-A104-49F57BD6E9BE}.Debug|iPhone.Deploy.0 = Debug|iPhone
		{0C8BFD53-9100-4250-A104-49F57BD6E9BE}.Debug|iPhoneSimulator.ActiveCfg = Debug|iPhoneSimulator
		{0C8BFD53-9100-4250-A104-49F57BD6E9BE}.Debug|iPhoneSimulator.Build.0 = Debug|iPhoneSimulator
		{0C8BFD53-9100-4250-A104-49F57BD6E9BE}.Debug|iPhoneSimulator.Deploy.0 = Debug|iPhoneSimulator
		{0C8BFD53-9100-4250-A104-49F57BD6E9BE}.Debug|x64.ActiveCfg = Debug|iPhone
		{0C8BFD53-9100-4250-A104-49F57BD6E9BE}.Debug|x64.Build.0 = Debug|iPhone
		{0C8BFD53-9100-4250-A104-49F57BD6E9BE}.Debug|x64.Deploy.0 = Debug|iPhone
		{0C8BFD53-9100-4250-A104-49F57BD6E9BE}.Debug|x86.ActiveCfg = Debug|iPhone
		{0C8BFD53-9100-4250-A104-49F57BD6E9BE}.Debug|x86.Build.0 = Debug|iPhone
		{0C8BFD53-9100-4250-A104-49F57BD6E9BE}.Debug|x86.Deploy.0 = Debug|iPhone
		{0C8BFD53-9100-4250-A104-49F57BD6E9BE}.Release|Any CPU.ActiveCfg = Release|iPhone
		{0C8BFD53-9100-4250-A104-49F57BD6E9BE}.Release|Any CPU.Build.0 = Release|iPhone
		{0C8BFD53-9100-4250-A104-49F57BD6E9BE}.Release|Any CPU.Deploy.0 = Release|iPhone
		{0C8BFD53-9100-4250-A104-49F57BD6E9BE}.Release|ARM.ActiveCfg = Release|iPhone
		{0C8BFD53-9100-4250-A104-49F57BD6E9BE}.Release|ARM.Build.0 = Release|iPhone
		{0C8BFD53-9100-4250-A104-49F57BD6E9BE}.Release|ARM.Deploy.0 = Release|iPhone
		{0C8BFD53-9100-4250-A104-49F57BD6E9BE}.Release|iPhone.ActiveCfg = Release|iPhone
		{0C8BFD53-9100-4250-A104-49F57BD6E9BE}.Release|iPhone.Build.0 = Release|iPhone
		{0C8BFD53-9100-4250-A104-49F57BD6E9BE}.Release|iPhone.Deploy.0 = Release|iPhone
		{0C8BFD53-9100-4250-A104-49F57BD6E9BE}.Release|iPhoneSimulator.ActiveCfg = Release|iPhoneSimulator
		{0C8BFD53-9100-4250-A104-49F57BD6E9BE}.Release|iPhoneSimulator.Build.0 = Release|iPhoneSimulator
		{0C8BFD53-9100-4250-A104-49F57BD6E9BE}.Release|iPhoneSimulator.Deploy.0 = Release|iPhoneSimulator
		{0C8BFD53-9100-4250-A104-49F57BD6E9BE}.Release|x64.ActiveCfg = Release|iPhone
		{0C8BFD53-9100-4250-A104-49F57BD6E9BE}.Release|x64.Build.0 = Release|iPhone
		{0C8BFD53-9100-4250-A104-49F57BD6E9BE}.Release|x64.Deploy.0 = Release|iPhone
		{0C8BFD53-9100-4250-A104-49F57BD6E9BE}.Release|x86.ActiveCfg = Release|iPhone
		{0C8BFD53-9100-4250-A104-49F57BD6E9BE}.Release|x86.Build.0 = Release|iPhone
		{0C8BFD53-9100-4250-A104-49F57BD6E9BE}.Release|x86.Deploy.0 = Release|iPhone
		{EF1C8F01-3669-4B52-9BE4-6F6ED0083C75}.Ad-Hoc|Any CPU.ActiveCfg = Release|x86
		{EF1C8F01-3669-4B52-9BE4-6F6ED0083C75}.Ad-Hoc|Any CPU.Build.0 = Release|x86
		{EF1C8F01-3669-4B52-9BE4-6F6ED0083C75}.Ad-Hoc|Any CPU.Deploy.0 = Release|x86
		{EF1C8F01-3669-4B52-9BE4-6F6ED0083C75}.Ad-Hoc|ARM.ActiveCfg = Release|ARM
		{EF1C8F01-3669-4B52-9BE4-6F6ED0083C75}.Ad-Hoc|ARM.Build.0 = Release|ARM
		{EF1C8F01-3669-4B52-9BE4-6F6ED0083C75}.Ad-Hoc|ARM.Deploy.0 = Release|ARM
		{EF1C8F01-3669-4B52-9BE4-6F6ED0083C75}.Ad-Hoc|iPhone.ActiveCfg = Release|x86
		{EF1C8F01-3669-4B52-9BE4-6F6ED0083C75}.Ad-Hoc|iPhone.Build.0 = Release|x86
		{EF1C8F01-3669-4B52-9BE4-6F6ED0083C75}.Ad-Hoc|iPhone.Deploy.0 = Release|x86
		{EF1C8F01-3669-4B52-9BE4-6F6ED0083C75}.Ad-Hoc|iPhoneSimulator.ActiveCfg = Release|x86
		{EF1C8F01-3669-4B52-9BE4-6F6ED0083C75}.Ad-Hoc|iPhoneSimulator.Build.0 = Release|x86
		{EF1C8F01-3669-4B52-9BE4-6F6ED0083C75}.Ad-Hoc|iPhoneSimulator.Deploy.0 = Release|x86
		{EF1C8F01-3669-4B52-9BE4-6F6ED0083C75}.Ad-Hoc|x64.ActiveCfg = Release|x64
		{EF1C8F01-3669-4B52-9BE4-6F6ED0083C75}.Ad-Hoc|x64.Build.0 = Release|x64
		{EF1C8F01-3669-4B52-9BE4-6F6ED0083C75}.Ad-Hoc|x64.Deploy.0 = Release|x64
		{EF1C8F01-3669-4B52-9BE4-6F6ED0083C75}.Ad-Hoc|x86.ActiveCfg = Release|x86
		{EF1C8F01-3669-4B52-9BE4-6F6ED0083C75}.Ad-Hoc|x86.Build.0 = Release|x86
		{EF1C8F01-3669-4B52-9BE4-6F6ED0083C75}.Ad-Hoc|x86.Deploy.0 = Release|x86
		{EF1C8F01-3669-4B52-9BE4-6F6ED0083C75}.AppStore|Any CPU.ActiveCfg = Release|x86
		{EF1C8F01-3669-4B52-9BE4-6F6ED0083C75}.AppStore|Any CPU.Build.0 = Release|x86
		{EF1C8F01-3669-4B52-9BE4-6F6ED0083C75}.AppStore|Any CPU.Deploy.0 = Release|x86
		{EF1C8F01-3669-4B52-9BE4-6F6ED0083C75}.AppStore|ARM.ActiveCfg = Release|ARM
		{EF1C8F01-3669-4B52-9BE4-6F6ED0083C75}.AppStore|ARM.Build.0 = Release|ARM
		{EF1C8F01-3669-4B52-9BE4-6F6ED0083C75}.AppStore|ARM.Deploy.0 = Release|ARM
		{EF1C8F01-3669-4B52-9BE4-6F6ED0083C75}.AppStore|iPhone.ActiveCfg = Release|x86
		{EF1C8F01-3669-4B52-9BE4-6F6ED0083C75}.AppStore|iPhone.Build.0 = Release|x86
		{EF1C8F01-3669-4B52-9BE4-6F6ED0083C75}.AppStore|iPhone.Deploy.0 = Release|x86
		{EF1C8F01-3669-4B52-9BE4-6F6ED0083C75}.AppStore|iPhoneSimulator.ActiveCfg = Release|x86
		{EF1C8F01-3669-4B52-9BE4-6F6ED0083C75}.AppStore|iPhoneSimulator.Build.0 = Release|x86
		{EF1C8F01-3669-4B52-9BE4-6F6ED0083C75}.AppStore|iPhoneSimulator.Deploy.0 = Release|x86
		{EF1C8F01-3669-4B52-9BE4-6F6ED0083C75}.AppStore|x64.ActiveCfg = Release|x64
		{EF1C8F01-3669-4B52-9BE4-6F6ED0083C75}.AppStore|x64.Build.0 = Release|x64
		{EF1C8F01-3669-4B52-9BE4-6F6ED0083C75}.AppStore|x64.Deploy.0 = Release|x64
		{EF1C8F01-3669-4B52-9BE4-6F6ED0083C75}.AppStore|x86.ActiveCfg = Release|x86
		{EF1C8F01-3669-4B52-9BE4-6F6ED0083C75}.AppStore|x86.Build.0 = Release|x86
		{EF1C8F01-3669-4B52-9BE4-6F6ED0083C75}.AppStore|x86.Deploy.0 = Release|x86
		{EF1C8F01-3669-4B52-9BE4-6F6ED0083C75}.Debug|Any CPU.ActiveCfg = Debug|x86
		{EF1C8F01-3669-4B52-9BE4-6F6ED0083C75}.Debug|Any CPU.Build.0 = Debug|x86
		{EF1C8F01-3669-4B52-9BE4-6F6ED0083C75}.Debug|Any CPU.Deploy.0 = Debug|x86
		{EF1C8F01-3669-4B52-9BE4-6F6ED0083C75}.Debug|ARM.ActiveCfg = Debug|ARM
		{EF1C8F01-3669-4B52-9BE4-6F6ED0083C75}.Debug|ARM.Build.0 = Debug|ARM
		{EF1C8F01-3669-4B52-9BE4-6F6ED0083C75}.Debug|ARM.Deploy.0 = Debug|ARM
		{EF1C8F01-3669-4B52-9BE4-6F6ED0083C75}.Debug|iPhone.ActiveCfg = Debug|x86
		{EF1C8F01-3669-4B52-9BE4-6F6ED0083C75}.Debug|iPhone.Build.0 = Debug|x86
		{EF1C8F01-3669-4B52-9BE4-6F6ED0083C75}.Debug|iPhone.Deploy.0 = Debug|x86
		{EF1C8F01-3669-4B52-9BE4-6F6ED0083C75}.Debug|iPhoneSimulator.ActiveCfg = Debug|x86
		{EF1C8F01-3669-4B52-9BE4-6F6ED0083C75}.Debug|iPhoneSimulator.Build.0 = Debug|x86
		{EF1C8F01-3669-4B52-9BE4-6F6ED0083C75}.Debug|iPhoneSimulator.Deploy.0 = Debug|x86
		{EF1C8F01-3669-4B52-9BE4-6F6ED0083C75}.Debug|x64.ActiveCfg = Debug|x64
		{EF1C8F01-3669-4B52-9BE4-6F6ED0083C75}.Debug|x64.Build.0 = Debug|x64
		{EF1C8F01-3669-4B52-9BE4-6F6ED0083C75}.Debug|x64.Deploy.0 = Debug|x64
		{EF1C8F01-3669-4B52-9BE4-6F6ED0083C75}.Debug|x86.ActiveCfg = Debug|x86
		{EF1C8F01-3669-4B52-9BE4-6F6ED0083C75}.Debug|x86.Build.0 = Debug|x86
		{EF1C8F01-3669-4B52-9BE4-6F6ED0083C75}.Debug|x86.Deploy.0 = Debug|x86
		{EF1C8F01-3669-4B52-9BE4-6F6ED0083C75}.Release|Any CPU.ActiveCfg = Release|x86
		{EF1C8F01-3669-4B52-9BE4-6F6ED0083C75}.Release|Any CPU.Build.0 = Release|x86
		{EF1C8F01-3669-4B52-9BE4-6F6ED0083C75}.Release|Any CPU.Deploy.0 = Release|x86
		{EF1C8F01-3669-4B52-9BE4-6F6ED0083C75}.Release|ARM.ActiveCfg = Release|ARM
		{EF1C8F01-3669-4B52-9BE4-6F6ED0083C75}.Release|ARM.Build.0 = Release|ARM
		{EF1C8F01-3669-4B52-9BE4-6F6ED0083C75}.Release|ARM.Deploy.0 = Release|ARM
		{EF1C8F01-3669-4B52-9BE4-6F6ED0083C75}.Release|iPhone.ActiveCfg = Release|x86
		{EF1C8F01-3669-4B52-9BE4-6F6ED0083C75}.Release|iPhone.Build.0 = Release|x86
		{EF1C8F01-3669-4B52-9BE4-6F6ED0083C75}.Release|iPhone.Deploy.0 = Release|x86
		{EF1C8F01-3669-4B52-9BE4-6F6ED0083C75}.Release|iPhoneSimulator.ActiveCfg = Release|x86
		{EF1C8F01-3669-4B52-9BE4-6F6ED0083C75}.Release|iPhoneSimulator.Build.0 = Release|x86
		{EF1C8F01-3669-4B52-9BE4-6F6ED0083C75}.Release|iPhoneSimulator.Deploy.0 = Release|x86
		{EF1C8F01-3669-4B52-9BE4-6F6ED0083C75}.Release|x64.ActiveCfg = Release|x64
		{EF1C8F01-3669-4B52-9BE4-6F6ED0083C75}.Release|x64.Build.0 = Release|x64
		{EF1C8F01-3669-4B52-9BE4-6F6ED0083C75}.Release|x64.Deploy.0 = Release|x64
		{EF1C8F01-3669-4B52-9BE4-6F6ED0083C75}.Release|x86.ActiveCfg = Release|x86
		{EF1C8F01-3669-4B52-9BE4-6F6ED0083C75}.Release|x86.Build.0 = Release|x86
		{EF1C8F01-3669-4B52-9BE4-6F6ED0083C75}.Release|x86.Deploy.0 = Release|x86
		{13262374-38B1-49AC-BD88-CB159181EB19}.Ad-Hoc|Any CPU.ActiveCfg = Debug|Any CPU
		{13262374-38B1-49AC-BD88-CB159181EB19}.Ad-Hoc|Any CPU.Build.0 = Debug|Any CPU
		{13262374-38B1-49AC-BD88-CB159181EB19}.Ad-Hoc|Any CPU.Deploy.0 = Debug|Any CPU
		{13262374-38B1-49AC-BD88-CB159181EB19}.Ad-Hoc|ARM.ActiveCfg = Debug|Any CPU
		{13262374-38B1-49AC-BD88-CB159181EB19}.Ad-Hoc|ARM.Build.0 = Debug|Any CPU
		{13262374-38B1-49AC-BD88-CB159181EB19}.Ad-Hoc|ARM.Deploy.0 = Debug|Any CPU
		{13262374-38B1-49AC-BD88-CB159181EB19}.Ad-Hoc|iPhone.ActiveCfg = Debug|Any CPU
		{13262374-38B1-49AC-BD88-CB159181EB19}.Ad-Hoc|iPhone.Build.0 = Debug|Any CPU
		{13262374-38B1-49AC-BD88-CB159181EB19}.Ad-Hoc|iPhone.Deploy.0 = Debug|Any CPU
		{13262374-38B1-49AC-BD88-CB159181EB19}.Ad-Hoc|iPhoneSimulator.ActiveCfg = Debug|Any CPU
		{13262374-38B1-49AC-BD88-CB159181EB19}.Ad-Hoc|iPhoneSimulator.Build.0 = Debug|Any CPU
		{13262374-38B1-49AC-BD88-CB159181EB19}.Ad-Hoc|iPhoneSimulator.Deploy.0 = Debug|Any CPU
		{13262374-38B1-49AC-BD88-CB159181EB19}.Ad-Hoc|x64.ActiveCfg = Debug|Any CPU
		{13262374-38B1-49AC-BD88-CB159181EB19}.Ad-Hoc|x64.Build.0 = Debug|Any CPU
		{13262374-38B1-49AC-BD88-CB159181EB19}.Ad-Hoc|x64.Deploy.0 = Debug|Any CPU
		{13262374-38B1-49AC-BD88-CB159181EB19}.Ad-Hoc|x86.ActiveCfg = Debug|Any CPU
		{13262374-38B1-49AC-BD88-CB159181EB19}.Ad-Hoc|x86.Build.0 = Debug|Any CPU
		{13262374-38B1-49AC-BD88-CB159181EB19}.Ad-Hoc|x86.Deploy.0 = Debug|Any CPU
		{13262374-38B1-49AC-BD88-CB159181EB19}.AppStore|Any CPU.ActiveCfg = Debug|Any CPU
		{13262374-38B1-49AC-BD88-CB159181EB19}.AppStore|Any CPU.Build.0 = Debug|Any CPU
		{13262374-38B1-49AC-BD88-CB159181EB19}.AppStore|Any CPU.Deploy.0 = Debug|Any CPU
		{13262374-38B1-49AC-BD88-CB159181EB19}.AppStore|ARM.ActiveCfg = Debug|Any CPU
		{13262374-38B1-49AC-BD88-CB159181EB19}.AppStore|ARM.Build.0 = Debug|Any CPU
		{13262374-38B1-49AC-BD88-CB159181EB19}.AppStore|ARM.Deploy.0 = Debug|Any CPU
		{13262374-38B1-49AC-BD88-CB159181EB19}.AppStore|iPhone.ActiveCfg = Debug|Any CPU
		{13262374-38B1-49AC-BD88-CB159181EB19}.AppStore|iPhone.Build.0 = Debug|Any CPU
		{13262374-38B1-49AC-BD88-CB159181EB19}.AppStore|iPhone.Deploy.0 = Debug|Any CPU
		{13262374-38B1-49AC-BD88-CB159181EB19}.AppStore|iPhoneSimulator.ActiveCfg = Debug|Any CPU
		{13262374-38B1-49AC-BD88-CB159181EB19}.AppStore|iPhoneSimulator.Build.0 = Debug|Any CPU
		{13262374-38B1-49AC-BD88-CB159181EB19}.AppStore|iPhoneSimulator.Deploy.0 = Debug|Any CPU
		{13262374-38B1-49AC-BD88-CB159181EB19}.AppStore|x64.ActiveCfg = Debug|Any CPU
		{13262374-38B1-49AC-BD88-CB159181EB19}.AppStore|x64.Build.0 = Debug|Any CPU
		{13262374-38B1-49AC-BD88-CB159181EB19}.AppStore|x64.Deploy.0 = Debug|Any CPU
		{13262374-38B1-49AC-BD88-CB159181EB19}.AppStore|x86.ActiveCfg = Debug|Any CPU
		{13262374-38B1-49AC-BD88-CB159181EB19}.AppStore|x86.Build.0 = Debug|Any CPU
		{13262374-38B1-49AC-BD88-CB159181EB19}.AppStore|x86.Deploy.0 = Debug|Any CPU
		{13262374-38B1-49AC-BD88-CB159181EB19}.Debug|Any CPU.ActiveCfg = Debug|Any CPU
		{13262374-38B1-49AC-BD88-CB159181EB19}.Debug|Any CPU.Build.0 = Debug|Any CPU
		{13262374-38B1-49AC-BD88-CB159181EB19}.Debug|Any CPU.Deploy.0 = Debug|Any CPU
		{13262374-38B1-49AC-BD88-CB159181EB19}.Debug|ARM.ActiveCfg = Debug|Any CPU
		{13262374-38B1-49AC-BD88-CB159181EB19}.Debug|ARM.Build.0 = Debug|Any CPU
		{13262374-38B1-49AC-BD88-CB159181EB19}.Debug|ARM.Deploy.0 = Debug|Any CPU
		{13262374-38B1-49AC-BD88-CB159181EB19}.Debug|iPhone.ActiveCfg = Debug|Any CPU
		{13262374-38B1-49AC-BD88-CB159181EB19}.Debug|iPhone.Build.0 = Debug|Any CPU
		{13262374-38B1-49AC-BD88-CB159181EB19}.Debug|iPhone.Deploy.0 = Debug|Any CPU
		{13262374-38B1-49AC-BD88-CB159181EB19}.Debug|iPhoneSimulator.ActiveCfg = Debug|Any CPU
		{13262374-38B1-49AC-BD88-CB159181EB19}.Debug|iPhoneSimulator.Build.0 = Debug|Any CPU
		{13262374-38B1-49AC-BD88-CB159181EB19}.Debug|iPhoneSimulator.Deploy.0 = Debug|Any CPU
		{13262374-38B1-49AC-BD88-CB159181EB19}.Debug|x64.ActiveCfg = Debug|Any CPU
		{13262374-38B1-49AC-BD88-CB159181EB19}.Debug|x64.Build.0 = Debug|Any CPU
		{13262374-38B1-49AC-BD88-CB159181EB19}.Debug|x64.Deploy.0 = Debug|Any CPU
		{13262374-38B1-49AC-BD88-CB159181EB19}.Debug|x86.ActiveCfg = Debug|Any CPU
		{13262374-38B1-49AC-BD88-CB159181EB19}.Debug|x86.Build.0 = Debug|Any CPU
		{13262374-38B1-49AC-BD88-CB159181EB19}.Debug|x86.Deploy.0 = Debug|Any CPU
		{13262374-38B1-49AC-BD88-CB159181EB19}.Release|Any CPU.ActiveCfg = Release|Any CPU
		{13262374-38B1-49AC-BD88-CB159181EB19}.Release|Any CPU.Build.0 = Release|Any CPU
		{13262374-38B1-49AC-BD88-CB159181EB19}.Release|Any CPU.Deploy.0 = Release|Any CPU
		{13262374-38B1-49AC-BD88-CB159181EB19}.Release|ARM.ActiveCfg = Release|Any CPU
		{13262374-38B1-49AC-BD88-CB159181EB19}.Release|ARM.Build.0 = Release|Any CPU
		{13262374-38B1-49AC-BD88-CB159181EB19}.Release|ARM.Deploy.0 = Release|Any CPU
		{13262374-38B1-49AC-BD88-CB159181EB19}.Release|iPhone.ActiveCfg = Release|Any CPU
		{13262374-38B1-49AC-BD88-CB159181EB19}.Release|iPhone.Build.0 = Release|Any CPU
		{13262374-38B1-49AC-BD88-CB159181EB19}.Release|iPhone.Deploy.0 = Release|Any CPU
		{13262374-38B1-49AC-BD88-CB159181EB19}.Release|iPhoneSimulator.ActiveCfg = Release|Any CPU
		{13262374-38B1-49AC-BD88-CB159181EB19}.Release|iPhoneSimulator.Build.0 = Release|Any CPU
		{13262374-38B1-49AC-BD88-CB159181EB19}.Release|iPhoneSimulator.Deploy.0 = Release|Any CPU
		{13262374-38B1-49AC-BD88-CB159181EB19}.Release|x64.ActiveCfg = Release|Any CPU
		{13262374-38B1-49AC-BD88-CB159181EB19}.Release|x64.Build.0 = Release|Any CPU
		{13262374-38B1-49AC-BD88-CB159181EB19}.Release|x64.Deploy.0 = Release|Any CPU
		{13262374-38B1-49AC-BD88-CB159181EB19}.Release|x86.ActiveCfg = Release|Any CPU
		{13262374-38B1-49AC-BD88-CB159181EB19}.Release|x86.Build.0 = Release|Any CPU
		{13262374-38B1-49AC-BD88-CB159181EB19}.Release|x86.Deploy.0 = Release|Any CPU
		{9C0829D6-3F01-412A-954A-F051CF0E59E4}.Ad-Hoc|Any CPU.ActiveCfg = Release|Any CPU
		{9C0829D6-3F01-412A-954A-F051CF0E59E4}.Ad-Hoc|Any CPU.Build.0 = Release|Any CPU
		{9C0829D6-3F01-412A-954A-F051CF0E59E4}.Ad-Hoc|ARM.ActiveCfg = Release|Any CPU
		{9C0829D6-3F01-412A-954A-F051CF0E59E4}.Ad-Hoc|ARM.Build.0 = Release|Any CPU
		{9C0829D6-3F01-412A-954A-F051CF0E59E4}.Ad-Hoc|iPhone.ActiveCfg = Release|Any CPU
		{9C0829D6-3F01-412A-954A-F051CF0E59E4}.Ad-Hoc|iPhone.Build.0 = Release|Any CPU
		{9C0829D6-3F01-412A-954A-F051CF0E59E4}.Ad-Hoc|iPhoneSimulator.ActiveCfg = Release|Any CPU
		{9C0829D6-3F01-412A-954A-F051CF0E59E4}.Ad-Hoc|iPhoneSimulator.Build.0 = Release|Any CPU
		{9C0829D6-3F01-412A-954A-F051CF0E59E4}.Ad-Hoc|x64.ActiveCfg = Release|Any CPU
		{9C0829D6-3F01-412A-954A-F051CF0E59E4}.Ad-Hoc|x64.Build.0 = Release|Any CPU
		{9C0829D6-3F01-412A-954A-F051CF0E59E4}.Ad-Hoc|x86.ActiveCfg = Release|Any CPU
		{9C0829D6-3F01-412A-954A-F051CF0E59E4}.Ad-Hoc|x86.Build.0 = Release|Any CPU
		{9C0829D6-3F01-412A-954A-F051CF0E59E4}.AppStore|Any CPU.ActiveCfg = Release|Any CPU
		{9C0829D6-3F01-412A-954A-F051CF0E59E4}.AppStore|Any CPU.Build.0 = Release|Any CPU
		{9C0829D6-3F01-412A-954A-F051CF0E59E4}.AppStore|ARM.ActiveCfg = Release|Any CPU
		{9C0829D6-3F01-412A-954A-F051CF0E59E4}.AppStore|ARM.Build.0 = Release|Any CPU
		{9C0829D6-3F01-412A-954A-F051CF0E59E4}.AppStore|iPhone.ActiveCfg = Release|Any CPU
		{9C0829D6-3F01-412A-954A-F051CF0E59E4}.AppStore|iPhone.Build.0 = Release|Any CPU
		{9C0829D6-3F01-412A-954A-F051CF0E59E4}.AppStore|iPhoneSimulator.ActiveCfg = Release|Any CPU
		{9C0829D6-3F01-412A-954A-F051CF0E59E4}.AppStore|iPhoneSimulator.Build.0 = Release|Any CPU
		{9C0829D6-3F01-412A-954A-F051CF0E59E4}.AppStore|x64.ActiveCfg = Release|Any CPU
		{9C0829D6-3F01-412A-954A-F051CF0E59E4}.AppStore|x64.Build.0 = Release|Any CPU
		{9C0829D6-3F01-412A-954A-F051CF0E59E4}.AppStore|x86.ActiveCfg = Release|Any CPU
		{9C0829D6-3F01-412A-954A-F051CF0E59E4}.AppStore|x86.Build.0 = Release|Any CPU
		{9C0829D6-3F01-412A-954A-F051CF0E59E4}.Debug|Any CPU.ActiveCfg = Debug|Any CPU
		{9C0829D6-3F01-412A-954A-F051CF0E59E4}.Debug|Any CPU.Build.0 = Debug|Any CPU
		{9C0829D6-3F01-412A-954A-F051CF0E59E4}.Debug|ARM.ActiveCfg = Debug|Any CPU
		{9C0829D6-3F01-412A-954A-F051CF0E59E4}.Debug|ARM.Build.0 = Debug|Any CPU
		{9C0829D6-3F01-412A-954A-F051CF0E59E4}.Debug|iPhone.ActiveCfg = Debug|Any CPU
		{9C0829D6-3F01-412A-954A-F051CF0E59E4}.Debug|iPhone.Build.0 = Debug|Any CPU
		{9C0829D6-3F01-412A-954A-F051CF0E59E4}.Debug|iPhoneSimulator.ActiveCfg = Debug|Any CPU
		{9C0829D6-3F01-412A-954A-F051CF0E59E4}.Debug|iPhoneSimulator.Build.0 = Debug|Any CPU
		{9C0829D6-3F01-412A-954A-F051CF0E59E4}.Debug|x64.ActiveCfg = Debug|Any CPU
		{9C0829D6-3F01-412A-954A-F051CF0E59E4}.Debug|x64.Build.0 = Debug|Any CPU
		{9C0829D6-3F01-412A-954A-F051CF0E59E4}.Debug|x86.ActiveCfg = Debug|Any CPU
		{9C0829D6-3F01-412A-954A-F051CF0E59E4}.Debug|x86.Build.0 = Debug|Any CPU
		{9C0829D6-3F01-412A-954A-F051CF0E59E4}.Release|Any CPU.ActiveCfg = Release|Any CPU
		{9C0829D6-3F01-412A-954A-F051CF0E59E4}.Release|Any CPU.Build.0 = Release|Any CPU
		{9C0829D6-3F01-412A-954A-F051CF0E59E4}.Release|ARM.ActiveCfg = Release|Any CPU
		{9C0829D6-3F01-412A-954A-F051CF0E59E4}.Release|ARM.Build.0 = Release|Any CPU
		{9C0829D6-3F01-412A-954A-F051CF0E59E4}.Release|iPhone.ActiveCfg = Release|Any CPU
		{9C0829D6-3F01-412A-954A-F051CF0E59E4}.Release|iPhone.Build.0 = Release|Any CPU
		{9C0829D6-3F01-412A-954A-F051CF0E59E4}.Release|iPhoneSimulator.ActiveCfg = Release|Any CPU
		{9C0829D6-3F01-412A-954A-F051CF0E59E4}.Release|iPhoneSimulator.Build.0 = Release|Any CPU
		{9C0829D6-3F01-412A-954A-F051CF0E59E4}.Release|x64.ActiveCfg = Release|Any CPU
		{9C0829D6-3F01-412A-954A-F051CF0E59E4}.Release|x64.Build.0 = Release|Any CPU
		{9C0829D6-3F01-412A-954A-F051CF0E59E4}.Release|x86.ActiveCfg = Release|Any CPU
		{9C0829D6-3F01-412A-954A-F051CF0E59E4}.Release|x86.Build.0 = Release|Any CPU
		{8129FB59-1360-4380-BDDE-D4C3CAFAE71B}.Ad-Hoc|Any CPU.ActiveCfg = Release|Any CPU
		{8129FB59-1360-4380-BDDE-D4C3CAFAE71B}.Ad-Hoc|Any CPU.Build.0 = Release|Any CPU
		{8129FB59-1360-4380-BDDE-D4C3CAFAE71B}.Ad-Hoc|ARM.ActiveCfg = Release|Any CPU
		{8129FB59-1360-4380-BDDE-D4C3CAFAE71B}.Ad-Hoc|ARM.Build.0 = Release|Any CPU
		{8129FB59-1360-4380-BDDE-D4C3CAFAE71B}.Ad-Hoc|iPhone.ActiveCfg = Release|Any CPU
		{8129FB59-1360-4380-BDDE-D4C3CAFAE71B}.Ad-Hoc|iPhone.Build.0 = Release|Any CPU
		{8129FB59-1360-4380-BDDE-D4C3CAFAE71B}.Ad-Hoc|iPhoneSimulator.ActiveCfg = Release|Any CPU
		{8129FB59-1360-4380-BDDE-D4C3CAFAE71B}.Ad-Hoc|iPhoneSimulator.Build.0 = Release|Any CPU
		{8129FB59-1360-4380-BDDE-D4C3CAFAE71B}.Ad-Hoc|x64.ActiveCfg = Release|Any CPU
		{8129FB59-1360-4380-BDDE-D4C3CAFAE71B}.Ad-Hoc|x64.Build.0 = Release|Any CPU
		{8129FB59-1360-4380-BDDE-D4C3CAFAE71B}.Ad-Hoc|x86.ActiveCfg = Release|Any CPU
		{8129FB59-1360-4380-BDDE-D4C3CAFAE71B}.Ad-Hoc|x86.Build.0 = Release|Any CPU
		{8129FB59-1360-4380-BDDE-D4C3CAFAE71B}.AppStore|Any CPU.ActiveCfg = Release|Any CPU
		{8129FB59-1360-4380-BDDE-D4C3CAFAE71B}.AppStore|Any CPU.Build.0 = Release|Any CPU
		{8129FB59-1360-4380-BDDE-D4C3CAFAE71B}.AppStore|ARM.ActiveCfg = Release|Any CPU
		{8129FB59-1360-4380-BDDE-D4C3CAFAE71B}.AppStore|ARM.Build.0 = Release|Any CPU
		{8129FB59-1360-4380-BDDE-D4C3CAFAE71B}.AppStore|iPhone.ActiveCfg = Release|Any CPU
		{8129FB59-1360-4380-BDDE-D4C3CAFAE71B}.AppStore|iPhone.Build.0 = Release|Any CPU
		{8129FB59-1360-4380-BDDE-D4C3CAFAE71B}.AppStore|iPhoneSimulator.ActiveCfg = Release|Any CPU
		{8129FB59-1360-4380-BDDE-D4C3CAFAE71B}.AppStore|iPhoneSimulator.Build.0 = Release|Any CPU
		{8129FB59-1360-4380-BDDE-D4C3CAFAE71B}.AppStore|x64.ActiveCfg = Release|Any CPU
		{8129FB59-1360-4380-BDDE-D4C3CAFAE71B}.AppStore|x64.Build.0 = Release|Any CPU
		{8129FB59-1360-4380-BDDE-D4C3CAFAE71B}.AppStore|x86.ActiveCfg = Release|Any CPU
		{8129FB59-1360-4380-BDDE-D4C3CAFAE71B}.AppStore|x86.Build.0 = Release|Any CPU
		{8129FB59-1360-4380-BDDE-D4C3CAFAE71B}.Debug|Any CPU.ActiveCfg = Debug|Any CPU
		{8129FB59-1360-4380-BDDE-D4C3CAFAE71B}.Debug|Any CPU.Build.0 = Debug|Any CPU
		{8129FB59-1360-4380-BDDE-D4C3CAFAE71B}.Debug|ARM.ActiveCfg = Debug|Any CPU
		{8129FB59-1360-4380-BDDE-D4C3CAFAE71B}.Debug|ARM.Build.0 = Debug|Any CPU
		{8129FB59-1360-4380-BDDE-D4C3CAFAE71B}.Debug|iPhone.ActiveCfg = Debug|Any CPU
		{8129FB59-1360-4380-BDDE-D4C3CAFAE71B}.Debug|iPhone.Build.0 = Debug|Any CPU
		{8129FB59-1360-4380-BDDE-D4C3CAFAE71B}.Debug|iPhoneSimulator.ActiveCfg = Debug|Any CPU
		{8129FB59-1360-4380-BDDE-D4C3CAFAE71B}.Debug|iPhoneSimulator.Build.0 = Debug|Any CPU
		{8129FB59-1360-4380-BDDE-D4C3CAFAE71B}.Debug|x64.ActiveCfg = Debug|Any CPU
		{8129FB59-1360-4380-BDDE-D4C3CAFAE71B}.Debug|x64.Build.0 = Debug|Any CPU
		{8129FB59-1360-4380-BDDE-D4C3CAFAE71B}.Debug|x86.ActiveCfg = Debug|Any CPU
		{8129FB59-1360-4380-BDDE-D4C3CAFAE71B}.Debug|x86.Build.0 = Debug|Any CPU
		{8129FB59-1360-4380-BDDE-D4C3CAFAE71B}.Release|Any CPU.ActiveCfg = Release|Any CPU
		{8129FB59-1360-4380-BDDE-D4C3CAFAE71B}.Release|Any CPU.Build.0 = Release|Any CPU
		{8129FB59-1360-4380-BDDE-D4C3CAFAE71B}.Release|ARM.ActiveCfg = Release|Any CPU
		{8129FB59-1360-4380-BDDE-D4C3CAFAE71B}.Release|ARM.Build.0 = Release|Any CPU
		{8129FB59-1360-4380-BDDE-D4C3CAFAE71B}.Release|iPhone.ActiveCfg = Release|Any CPU
		{8129FB59-1360-4380-BDDE-D4C3CAFAE71B}.Release|iPhone.Build.0 = Release|Any CPU
		{8129FB59-1360-4380-BDDE-D4C3CAFAE71B}.Release|iPhoneSimulator.ActiveCfg = Release|Any CPU
		{8129FB59-1360-4380-BDDE-D4C3CAFAE71B}.Release|iPhoneSimulator.Build.0 = Release|Any CPU
		{8129FB59-1360-4380-BDDE-D4C3CAFAE71B}.Release|x64.ActiveCfg = Release|Any CPU
		{8129FB59-1360-4380-BDDE-D4C3CAFAE71B}.Release|x64.Build.0 = Release|Any CPU
		{8129FB59-1360-4380-BDDE-D4C3CAFAE71B}.Release|x86.ActiveCfg = Release|Any CPU
		{8129FB59-1360-4380-BDDE-D4C3CAFAE71B}.Release|x86.Build.0 = Release|Any CPU
		{EFDE70A4-9ABC-4A8D-83AA-0DE496B7DAAB}.Ad-Hoc|Any CPU.ActiveCfg = Release|Any CPU
		{EFDE70A4-9ABC-4A8D-83AA-0DE496B7DAAB}.Ad-Hoc|Any CPU.Build.0 = Release|Any CPU
		{EFDE70A4-9ABC-4A8D-83AA-0DE496B7DAAB}.Ad-Hoc|ARM.ActiveCfg = Release|Any CPU
		{EFDE70A4-9ABC-4A8D-83AA-0DE496B7DAAB}.Ad-Hoc|ARM.Build.0 = Release|Any CPU
		{EFDE70A4-9ABC-4A8D-83AA-0DE496B7DAAB}.Ad-Hoc|iPhone.ActiveCfg = Release|Any CPU
		{EFDE70A4-9ABC-4A8D-83AA-0DE496B7DAAB}.Ad-Hoc|iPhone.Build.0 = Release|Any CPU
		{EFDE70A4-9ABC-4A8D-83AA-0DE496B7DAAB}.Ad-Hoc|iPhoneSimulator.ActiveCfg = Release|Any CPU
		{EFDE70A4-9ABC-4A8D-83AA-0DE496B7DAAB}.Ad-Hoc|iPhoneSimulator.Build.0 = Release|Any CPU
		{EFDE70A4-9ABC-4A8D-83AA-0DE496B7DAAB}.Ad-Hoc|x64.ActiveCfg = Release|Any CPU
		{EFDE70A4-9ABC-4A8D-83AA-0DE496B7DAAB}.Ad-Hoc|x64.Build.0 = Release|Any CPU
		{EFDE70A4-9ABC-4A8D-83AA-0DE496B7DAAB}.Ad-Hoc|x86.ActiveCfg = Release|Any CPU
		{EFDE70A4-9ABC-4A8D-83AA-0DE496B7DAAB}.Ad-Hoc|x86.Build.0 = Release|Any CPU
		{EFDE70A4-9ABC-4A8D-83AA-0DE496B7DAAB}.AppStore|Any CPU.ActiveCfg = Release|Any CPU
		{EFDE70A4-9ABC-4A8D-83AA-0DE496B7DAAB}.AppStore|Any CPU.Build.0 = Release|Any CPU
		{EFDE70A4-9ABC-4A8D-83AA-0DE496B7DAAB}.AppStore|ARM.ActiveCfg = Release|Any CPU
		{EFDE70A4-9ABC-4A8D-83AA-0DE496B7DAAB}.AppStore|ARM.Build.0 = Release|Any CPU
		{EFDE70A4-9ABC-4A8D-83AA-0DE496B7DAAB}.AppStore|iPhone.ActiveCfg = Release|Any CPU
		{EFDE70A4-9ABC-4A8D-83AA-0DE496B7DAAB}.AppStore|iPhone.Build.0 = Release|Any CPU
		{EFDE70A4-9ABC-4A8D-83AA-0DE496B7DAAB}.AppStore|iPhoneSimulator.ActiveCfg = Release|Any CPU
		{EFDE70A4-9ABC-4A8D-83AA-0DE496B7DAAB}.AppStore|iPhoneSimulator.Build.0 = Release|Any CPU
		{EFDE70A4-9ABC-4A8D-83AA-0DE496B7DAAB}.AppStore|x64.ActiveCfg = Release|Any CPU
		{EFDE70A4-9ABC-4A8D-83AA-0DE496B7DAAB}.AppStore|x64.Build.0 = Release|Any CPU
		{EFDE70A4-9ABC-4A8D-83AA-0DE496B7DAAB}.AppStore|x86.ActiveCfg = Release|Any CPU
		{EFDE70A4-9ABC-4A8D-83AA-0DE496B7DAAB}.AppStore|x86.Build.0 = Release|Any CPU
		{EFDE70A4-9ABC-4A8D-83AA-0DE496B7DAAB}.Debug|Any CPU.ActiveCfg = Debug|Any CPU
		{EFDE70A4-9ABC-4A8D-83AA-0DE496B7DAAB}.Debug|Any CPU.Build.0 = Debug|Any CPU
		{EFDE70A4-9ABC-4A8D-83AA-0DE496B7DAAB}.Debug|ARM.ActiveCfg = Debug|Any CPU
		{EFDE70A4-9ABC-4A8D-83AA-0DE496B7DAAB}.Debug|ARM.Build.0 = Debug|Any CPU
		{EFDE70A4-9ABC-4A8D-83AA-0DE496B7DAAB}.Debug|iPhone.ActiveCfg = Debug|Any CPU
		{EFDE70A4-9ABC-4A8D-83AA-0DE496B7DAAB}.Debug|iPhone.Build.0 = Debug|Any CPU
		{EFDE70A4-9ABC-4A8D-83AA-0DE496B7DAAB}.Debug|iPhoneSimulator.ActiveCfg = Debug|Any CPU
		{EFDE70A4-9ABC-4A8D-83AA-0DE496B7DAAB}.Debug|iPhoneSimulator.Build.0 = Debug|Any CPU
		{EFDE70A4-9ABC-4A8D-83AA-0DE496B7DAAB}.Debug|x64.ActiveCfg = Debug|Any CPU
		{EFDE70A4-9ABC-4A8D-83AA-0DE496B7DAAB}.Debug|x64.Build.0 = Debug|Any CPU
		{EFDE70A4-9ABC-4A8D-83AA-0DE496B7DAAB}.Debug|x86.ActiveCfg = Debug|Any CPU
		{EFDE70A4-9ABC-4A8D-83AA-0DE496B7DAAB}.Debug|x86.Build.0 = Debug|Any CPU
		{EFDE70A4-9ABC-4A8D-83AA-0DE496B7DAAB}.Release|Any CPU.ActiveCfg = Release|Any CPU
		{EFDE70A4-9ABC-4A8D-83AA-0DE496B7DAAB}.Release|Any CPU.Build.0 = Release|Any CPU
		{EFDE70A4-9ABC-4A8D-83AA-0DE496B7DAAB}.Release|ARM.ActiveCfg = Release|Any CPU
		{EFDE70A4-9ABC-4A8D-83AA-0DE496B7DAAB}.Release|ARM.Build.0 = Release|Any CPU
		{EFDE70A4-9ABC-4A8D-83AA-0DE496B7DAAB}.Release|iPhone.ActiveCfg = Release|Any CPU
		{EFDE70A4-9ABC-4A8D-83AA-0DE496B7DAAB}.Release|iPhone.Build.0 = Release|Any CPU
		{EFDE70A4-9ABC-4A8D-83AA-0DE496B7DAAB}.Release|iPhoneSimulator.ActiveCfg = Release|Any CPU
		{EFDE70A4-9ABC-4A8D-83AA-0DE496B7DAAB}.Release|iPhoneSimulator.Build.0 = Release|Any CPU
		{EFDE70A4-9ABC-4A8D-83AA-0DE496B7DAAB}.Release|x64.ActiveCfg = Release|Any CPU
		{EFDE70A4-9ABC-4A8D-83AA-0DE496B7DAAB}.Release|x64.Build.0 = Release|Any CPU
		{EFDE70A4-9ABC-4A8D-83AA-0DE496B7DAAB}.Release|x86.ActiveCfg = Release|Any CPU
		{EFDE70A4-9ABC-4A8D-83AA-0DE496B7DAAB}.Release|x86.Build.0 = Release|Any CPU
	EndGlobalSection
	GlobalSection(SolutionProperties) = preSolution
		HideSolutionNode = FALSE
	EndGlobalSection
	GlobalSection(ExtensibilityGlobals) = postSolution
		SolutionGuid = {C6B69668-DFF1-4B49-B66D-0A444D3DC5FD}
	EndGlobalSection
EndGlobal
